
Microsoft Visual Studio Solution File, Format Version 12.00
# Visual Studio 15
VisualStudioVersion = 15.0.27703.2042
MinimumVisualStudioVersion = 10.0.40219.1
Project("{888888A0-9F3D-457C-B088-3A5042F75D52}") = "DjangoWebProject", "DjangoWebProject\DjangoWebProject.pyproj", "{AC326379-A250-4A37-A0DA-5D7A6F6C55BA}"
EndProject
Global
	GlobalSection(SolutionConfigurationPlatforms) = preSolution
		Debug|Any CPU = Debug|Any CPU
		Release|Any CPU = Release|Any CPU
	EndGlobalSection
	GlobalSection(ProjectConfigurationPlatforms) = postSolution
		{AC326379-A250-4A37-A0DA-5D7A6F6C55BA}.Debug|Any CPU.ActiveCfg = Debug|Any CPU
		{AC326379-A250-4A37-A0DA-5D7A6F6C55BA}.Debug|Any CPU.Build.0 = Debug|Any CPU
		{AC326379-A250-4A37-A0DA-5D7A6F6C55BA}.Release|Any CPU.ActiveCfg = Release|Any CPU
		{AC326379-A250-4A37-A0DA-5D7A6F6C55BA}.Release|Any CPU.Build.0 = Release|Any CPU
	EndGlobalSection
	GlobalSection(SolutionProperties) = preSolution
		HideSolutionNode = FALSE
	EndGlobalSection
	GlobalSection(ExtensibilityGlobals) = postSolution
		SolutionGuid = {38D02F74-092B-4C17-9175-A970DE824E2D}
	EndGlobalSection
EndGlobal
